
Microsoft Visual Studio Solution File, Format Version 12.00
# Visual Studio Version 17
VisualStudioVersion = 17.8.34309.116
MinimumVisualStudioVersion = 10.0.40219.1
Project("{9A19103F-16F7-4668-BE54-9A1E7A4F7556}") = "ECommerceTask.Api", "ECommerceTask.Api\ECommerceTask.Api.csproj", "{8CF19491-A199-4574-87EE-6A0B3C6CBF1E}"
EndProject
Project("{9A19103F-16F7-4668-BE54-9A1E7A4F7556}") = "ECommerceTask.Domain", "ECommerceTask.Domain\ECommerceTask.Domain.csproj", "{9D6CABAF-97FE-44E5-998C-2DDFB1419659}"
EndProject
Project("{9A19103F-16F7-4668-BE54-9A1E7A4F7556}") = "ECommerceTask.Infrastructure", "ECommerceTask.Infrastructure\ECommerceTask.Infrastructure.csproj", "{7CDCF7FC-3BB1-4F57-BC22-6FBCE1AFCCBD}"
EndProject
Global
	GlobalSection(SolutionConfigurationPlatforms) = preSolution
		Debug|Any CPU = Debug|Any CPU
		Release|Any CPU = Release|Any CPU
	EndGlobalSection
	GlobalSection(ProjectConfigurationPlatforms) = postSolution
		{8CF19491-A199-4574-87EE-6A0B3C6CBF1E}.Debug|Any CPU.ActiveCfg = Debug|Any CPU
		{8CF19491-A199-4574-87EE-6A0B3C6CBF1E}.Debug|Any CPU.Build.0 = Debug|Any CPU
		{8CF19491-A199-4574-87EE-6A0B3C6CBF1E}.Release|Any CPU.ActiveCfg = Release|Any CPU
		{8CF19491-A199-4574-87EE-6A0B3C6CBF1E}.Release|Any CPU.Build.0 = Release|Any CPU
		{9D6CABAF-97FE-44E5-998C-2DDFB1419659}.Debug|Any CPU.ActiveCfg = Debug|Any CPU
		{9D6CABAF-97FE-44E5-998C-2DDFB1419659}.Debug|Any CPU.Build.0 = Debug|Any CPU
		{9D6CABAF-97FE-44E5-998C-2DDFB1419659}.Release|Any CPU.ActiveCfg = Release|Any CPU
		{9D6CABAF-97FE-44E5-998C-2DDFB1419659}.Release|Any CPU.Build.0 = Release|Any CPU
		{7CDCF7FC-3BB1-4F57-BC22-6FBCE1AFCCBD}.Debug|Any CPU.ActiveCfg = Debug|Any CPU
		{7CDCF7FC-3BB1-4F57-BC22-6FBCE1AFCCBD}.Debug|Any CPU.Build.0 = Debug|Any CPU
		{7CDCF7FC-3BB1-4F57-BC22-6FBCE1AFCCBD}.Release|Any CPU.ActiveCfg = Release|Any CPU
		{7CDCF7FC-3BB1-4F57-BC22-6FBCE1AFCCBD}.Release|Any CPU.Build.0 = Release|Any CPU
	EndGlobalSection
	GlobalSection(SolutionProperties) = preSolution
		HideSolutionNode = FALSE
	EndGlobalSection
	GlobalSection(ExtensibilityGlobals) = postSolution
		SolutionGuid = {03097329-5BF5-4630-94CE-E40C1CE7EBAD}
	EndGlobalSection
EndGlobal
